# THIS IS AN AUTOGENERATED FILE. DO NOT EDIT THIS FILE DIRECTLY.
# yarn lockfile v1


"@babel/runtime@^7.15.4", "@babel/runtime@^7.9.2":
  version "7.21.0"
  resolved "https://registry.npmmirror.com/@babel/runtime/-/runtime-7.21.0.tgz#5b55c9d394e5fcf304909a8b00c07dc217b56673"
  integrity sha512-xwII0//EObnq89Ji5AKYQaRYiW/nZ3llSv29d49IuxPhKbtJoLP+9QUUZ4nVragQVtaVGeZrpB+ZtG/Pdy/POw==
  dependencies:
    regenerator-runtime "^0.13.11"

"@jridgewell/sourcemap-codec@^1.4.13":
  version "1.4.14"
  resolved "https://registry.npmmirror.com/@jridgewell/sourcemap-codec/-/sourcemap-codec-1.4.14.tgz#add4c98d341472a289190b424efbdb096991bb24"
  integrity sha512-XPSJHWmi394fuUuzDnGz1wiKqWfo1yXecHQMRf2l6hztTO+nPru658AyDngaBe7isIxEkRsPR3FZh+s7iVa4Uw==

"@logseq/libs@^0.0.14":
  version "0.0.14"
  resolved "https://registry.npmmirror.com/@logseq/libs/-/libs-0.0.14.tgz#2fbce790d61c28e124063a20153f748f90ffa352"
  integrity sha512-QcNeVxb4LIvV4Tid0ABZXV7fxYdZHynzLlukSk6Ydkuus+hBzLcjfK15nzybIRbiV7ANqSgTooDZkV/E4WP57Q==
  dependencies:
    csstype "3.1.0"
    debug "4.3.4"
    dompurify "2.3.8"
    eventemitter3 "4.0.7"
    fast-deep-equal "3.1.3"
    lodash-es "4.17.21"
    path "0.12.7"
    snake-case "3.0.4"

"@rollup/plugin-alias@^3.1.9":
  version "3.1.9"
  resolved "https://registry.npmmirror.com/@rollup/plugin-alias/-/plugin-alias-3.1.9.tgz#a5d267548fe48441f34be8323fb64d1d4a1b3fdf"
  integrity sha512-QI5fsEvm9bDzt32k39wpOwZhVzRcL5ydcffUHMyLVaVaLeC70I8TJZ17F1z1eMoLu4E/UOcH9BWVkKpIKdrfiw==
  dependencies:
    slash "^3.0.0"

"@rollup/plugin-commonjs@^23.0.2":
  version "23.0.7"
  resolved "https://registry.npmmirror.com/@rollup/plugin-commonjs/-/plugin-commonjs-23.0.7.tgz#7d26d879caa54283086de1974b66f512ef60abdc"
  integrity sha512-hsSD5Qzyuat/swzrExGG5l7EuIlPhwTsT7KwKbSCQzIcJWjRxiimi/0tyMYY2bByitNb3i1p+6JWEDGa0NvT0Q==
  dependencies:
    "@rollup/pluginutils" "^5.0.1"
    commondir "^1.0.1"
    estree-walker "^2.0.2"
    glob "^8.0.3"
    is-reference "1.2.1"
    magic-string "^0.27.0"

"@rollup/plugin-html@^0.2.4":
  version "0.2.4"
  resolved "https://registry.npmmirror.com/@rollup/plugin-html/-/plugin-html-0.2.4.tgz#11e0c1255b2986a71a858c8cbc6a6313d0b46c1e"
  integrity sha512-x0qpNXxbmGa9Jnl4OX89AORPe2T/a4DqNK69BGRnEdaPKq6MdiUXSTam/eCkF5DxkQGcRcPq0L4vzr/E3q4mVA==

"@rollup/plugin-json@^4.1.0":
  version "4.1.0"
  resolved "https://registry.npmmirror.com/@rollup/plugin-json/-/plugin-json-4.1.0.tgz#54e09867ae6963c593844d8bd7a9c718294496f3"
  integrity sha512-yfLbTdNS6amI/2OpmbiBoW12vngr5NW2jCJVZSBEz+H5KfUJZ2M7sDjk0U6GOOdCWFVScShte29o9NezJ53TPw==
  dependencies:
    "@rollup/pluginutils" "^3.0.8"

"@rollup/plugin-node-resolve@^13.3.0":
  version "13.3.0"
  resolved "https://registry.npmmirror.com/@rollup/plugin-node-resolve/-/plugin-node-resolve-13.3.0.tgz#da1c5c5ce8316cef96a2f823d111c1e4e498801c"
  integrity sha512-Lus8rbUo1eEcnS4yTFKLZrVumLPY+YayBdWXgFSHYhTT2iJbMhoaaBL3xl5NCdeRytErGr8tZ0L71BMRmnlwSw==
  dependencies:
    "@rollup/pluginutils" "^3.1.0"
    "@types/resolve" "1.17.1"
    deepmerge "^4.2.2"
    is-builtin-module "^3.1.0"
    is-module "^1.0.0"
    resolve "^1.19.0"

"@rollup/plugin-replace@^5.0.0":
  version "5.0.2"
  resolved "https://registry.npmmirror.com/@rollup/plugin-replace/-/plugin-replace-5.0.2.tgz#45f53501b16311feded2485e98419acb8448c61d"
  integrity sha512-M9YXNekv/C/iHHK+cvORzfRYfPbq0RDD8r0G+bMiTXjNGKulPnCT9O3Ss46WfhI6ZOCgApOP7xAdmCQJ+U2LAA==
  dependencies:
    "@rollup/pluginutils" "^5.0.1"
    magic-string "^0.27.0"

"@rollup/pluginutils@^3.0.8", "@rollup/pluginutils@^3.1.0":
  version "3.1.0"
  resolved "https://registry.npmmirror.com/@rollup/pluginutils/-/pluginutils-3.1.0.tgz#706b4524ee6dc8b103b3c995533e5ad680c02b9b"
  integrity sha512-GksZ6pr6TpIjHm8h9lSQ8pi8BE9VeubNT0OMJ3B5uZJ8pz73NPiqOtCog/x2/QzM1ENChPKxMDhiQuRHsqc+lg==
  dependencies:
    "@types/estree" "0.0.39"
    estree-walker "^1.0.1"
    picomatch "^2.2.2"

"@rollup/pluginutils@^4.2.1":
  version "4.2.1"
  resolved "https://registry.npmmirror.com/@rollup/pluginutils/-/pluginutils-4.2.1.tgz#e6c6c3aba0744edce3fb2074922d3776c0af2a6d"
  integrity sha512-iKnFXr7NkdZAIHiIWE+BX5ULi/ucVFYWD6TbAV+rZctiRTY2PL6tsIKhoIOaoskiWAkgu+VsbXgUVDNLHf+InQ==
  dependencies:
    estree-walker "^2.0.1"
    picomatch "^2.2.2"

"@rollup/pluginutils@^5.0.1":
  version "5.0.2"
  resolved "https://registry.npmmirror.com/@rollup/pluginutils/-/pluginutils-5.0.2.tgz#012b8f53c71e4f6f9cb317e311df1404f56e7a33"
  integrity sha512-pTd9rIsP92h+B6wWwFbW8RkZv4hiR/xKsqre4SIuAOaOEQRxi0lqLke9k2/7WegC85GgUs9pjmOjCUi3In4vwA==
  dependencies:
    "@types/estree" "^1.0.0"
    estree-walker "^2.0.2"
    picomatch "^2.3.1"

"@swc/core-darwin-arm64@1.3.37":
  version "1.3.37"
  resolved "https://registry.npmmirror.com/@swc/core-darwin-arm64/-/core-darwin-arm64-1.3.37.tgz#a92e075ae35f18a64aaf3823ea175f03564f8da1"
  integrity sha512-iIyVqqioUpVeT/hbBVfkrsjfCyL4idNH+LVKGmoTAWaTTSB0+UNhNuA7Wh2CqIHWh1Mv7IlumitWPcqsVDdoEw==

"@swc/core-darwin-x64@1.3.37":
  version "1.3.37"
  resolved "https://registry.npmmirror.com/@swc/core-darwin-x64/-/core-darwin-x64-1.3.37.tgz#a3cc06c87140a2ca0b8e7ef1f3d5cc34dd080429"
  integrity sha512-dao5nXPWKxtaxqak4ZkRyBoApNIelW/glantQhPhj0FjMjuIQc+v03ldJ8XDByWOG+6xuVUTheANCtEccxoQBw==

"@swc/core-linux-arm-gnueabihf@1.3.37":
  version "1.3.37"
  resolved "https://registry.npmmirror.com/@swc/core-linux-arm-gnueabihf/-/core-linux-arm-gnueabihf-1.3.37.tgz#f7d8f8523830c6be653f608839d4bd5598457f1f"
  integrity sha512-/mVrc8H/f062CUkqKGmBiil2VIYu4mKawHxERfeP1y38X5K/OwjG5s9MgO9TVxy+Ly6vejwj70kRhSa3hVp1Bw==

"@swc/core-linux-arm64-gnu@1.3.37":
  version "1.3.37"
  resolved "https://registry.npmmirror.com/@swc/core-linux-arm64-gnu/-/core-linux-arm64-gnu-1.3.37.tgz#b162febd9de14fb08000c722b063be2bb5aefa6b"
  integrity sha512-eRQ3KaZI0j5LidTfOIi/kUVOOMuVmw1HCdt/Z1TAUKoHMLVxY8xcJ3pEE3/+ednI60EmHpwpJRs6LelXyL6uzQ==

"@swc/core-linux-arm64-musl@1.3.37":
  version "1.3.37"
  resolved "https://registry.npmmirror.com/@swc/core-linux-arm64-musl/-/core-linux-arm64-musl-1.3.37.tgz#3b1a628e880fbb1a5e2a7a46d42e8aa878c6bfdd"
  integrity sha512-w2BRLODyxNQY2rfHZMZ5ir6QrrnGBPlnIslTrgKmVbn1OjZoxUCtuqhrYnCmybaAc4DOkeH02TqynEFXrm+EMw==

"@swc/core-linux-x64-gnu@1.3.37":
  version "1.3.37"
  resolved "https://registry.npmmirror.com/@swc/core-linux-x64-gnu/-/core-linux-x64-gnu-1.3.37.tgz#ed443ad77dc90e415267d02a38e4113047b2d3d8"
  integrity sha512-CfoH8EsZJZ9kunjMUjBNYD5fFuO86zw+K/o4wEw72Yg6ZEiqPmeIlCKU8tpTv4sK+CbhUXrmVzMB5tqsb2jALQ==

"@swc/core-linux-x64-musl@1.3.37":
  version "1.3.37"
  resolved "https://registry.npmmirror.com/@swc/core-linux-x64-musl/-/core-linux-x64-musl-1.3.37.tgz#de607a4985458bd6e8b0e40f0d62d0e26bd8df1e"
  integrity sha512-9YPrHYNdoG7PK11gV51GfL45biI2dic+YTqHUDKyykemsD7Ot1zUFX7Ty//pdvpKcKSff6SrHbfFACD5ziNirA==

"@swc/core-win32-arm64-msvc@1.3.37":
  version "1.3.37"
  resolved "https://registry.npmmirror.com/@swc/core-win32-arm64-msvc/-/core-win32-arm64-msvc-1.3.37.tgz#d5851a47d7df183929b9746d56f76c282f940e6a"
  integrity sha512-h17Ek8/wCDje6BrXOvCXBM80oBRmTSMMdLyt87whTl5xqYlWYYs9oQIzZndNRTlNpTgjGO8Ns2eo4kwVxIkBIA==

"@swc/core-win32-ia32-msvc@1.3.37":
  version "1.3.37"
  resolved "https://registry.npmmirror.com/@swc/core-win32-ia32-msvc/-/core-win32-ia32-msvc-1.3.37.tgz#06ad7016f61b56aec4abf60eab3a91b786f9e294"
  integrity sha512-1BR175E1olGy/zdt94cgdb6ps/lBNissAOaxyBk8taFpcjy3zpdP30yAoH0GIsC6isnZ5JfArbOJNRXXO5tE0Q==

"@swc/core-win32-x64-msvc@1.3.37":
  version "1.3.37"
  resolved "https://registry.npmmirror.com/@swc/core-win32-x64-msvc/-/core-win32-x64-msvc-1.3.37.tgz#60139a7089003a7447a4efef9704ae8fde21995e"
  integrity sha512-1siDQ7dccQ1pesJmgAL3BUBbRPtfbNInOWnZOkiie/DfFqGQ117QKnCVyjUvwFKfTQx1+3UUTDmMSlRd00SlXg==

"@swc/core@^1.2.187":
  version "1.3.37"
  resolved "https://registry.npmmirror.com/@swc/core/-/core-1.3.37.tgz#644653fa7deb20c7c342e7fd019c7abc44ecf1bf"
  integrity sha512-VOFlEQ1pReOM73N9A7R8rt561GU8Rxsq833jiimWDUB2sXEN3V6n6wFTgYmZuMz2T4/R0cQA1nV48KkaT4gkFw==
  optionalDependencies:
    "@swc/core-darwin-arm64" "1.3.37"
    "@swc/core-darwin-x64" "1.3.37"
    "@swc/core-linux-arm-gnueabihf" "1.3.37"
    "@swc/core-linux-arm64-gnu" "1.3.37"
    "@swc/core-linux-arm64-musl" "1.3.37"
    "@swc/core-linux-x64-gnu" "1.3.37"
    "@swc/core-linux-x64-musl" "1.3.37"
    "@swc/core-win32-arm64-msvc" "1.3.37"
    "@swc/core-win32-ia32-msvc" "1.3.37"
    "@swc/core-win32-x64-msvc" "1.3.37"

"@types/estree@*", "@types/estree@^1.0.0":
  version "1.0.0"
  resolved "https://registry.npmmirror.com/@types/estree/-/estree-1.0.0.tgz#5fb2e536c1ae9bf35366eed879e827fa59ca41c2"
  integrity sha512-WulqXMDUTYAXCjZnk6JtIHPigp55cVtDgDrO2gHRwhyJto21+1zbVCtOYB2L1F9w4qCQ0rOGWBnBe0FNTiEJIQ==

"@types/estree@0.0.39":
  version "0.0.39"
  resolved "https://registry.npmmirror.com/@types/estree/-/estree-0.0.39.tgz#e177e699ee1b8c22d23174caaa7422644389509f"
  integrity sha512-EYNwp3bU+98cpU4lAWYYL7Zz+2gryWH1qbdDTidVd6hkiR6weksdbMadyXKXNPEkQFhXM+hVO9ZygomHXp+AIw==

"@types/hoist-non-react-statics@^3.3.0":
  version "3.3.1"
  resolved "https://registry.npmmirror.com/@types/hoist-non-react-statics/-/hoist-non-react-statics-3.3.1.tgz#1124aafe5118cb591977aeb1ceaaed1070eb039f"
  integrity sha512-iMIqiko6ooLrTh1joXodJK5X9xeEALT1kM5G3ZLhD3hszxBdIEd5C75U834D9mLcINgD4OyZf5uQXjkuYydWvA==
  dependencies:
    "@types/react" "*"
    hoist-non-react-statics "^3.3.0"

"@types/node@*":
  version "18.14.6"
  resolved "https://registry.npmmirror.com/@types/node/-/node-18.14.6.tgz#ae1973dd2b1eeb1825695bb11ebfb746d27e3e93"
  integrity sha512-93+VvleD3mXwlLI/xASjw0FzKcwzl3OdTCzm1LaRfqgS21gfFtK3zDXM5Op9TeeMsJVOaJ2VRDpT9q4Y3d0AvA==

"@types/prop-types@*":
  version "15.7.5"
  resolved "https://registry.npmmirror.com/@types/prop-types/-/prop-types-15.7.5.tgz#5f19d2b85a98e9558036f6a3cacc8819420f05cf"
  integrity sha512-JCB8C6SnDoQf0cNycqd/35A7MjcnK+ZTqE7judS6o7utxUCg6imJg3QK2qzHKszlTjcj2cn+NwMB2i96ubpj7w==

"@types/react-redux@^7.1.20":
  version "7.1.25"
  resolved "https://registry.npmmirror.com/@types/react-redux/-/react-redux-7.1.25.tgz#de841631205b24f9dfb4967dd4a7901e048f9a88"
  integrity sha512-bAGh4e+w5D8dajd6InASVIyCo4pZLJ66oLb80F9OBLO1gKESbZcRCJpTT6uLXX+HAB57zw1WTdwJdAsewuTweg==
  dependencies:
    "@types/hoist-non-react-statics" "^3.3.0"
    "@types/react" "*"
    hoist-non-react-statics "^3.3.0"
    redux "^4.0.0"

"@types/react@*":
  version "18.0.28"
  resolved "https://registry.npmmirror.com/@types/react/-/react-18.0.28.tgz#accaeb8b86f4908057ad629a26635fe641480065"
  integrity sha512-RD0ivG1kEztNBdoAK7lekI9M+azSnitIn85h4iOiaLjaTrMjzslhaqCGaI4IyCJ1RljWiLCEu4jyrLLgqxBTew==
  dependencies:
    "@types/prop-types" "*"
    "@types/scheduler" "*"
    csstype "^3.0.2"

"@types/resolve@1.17.1":
  version "1.17.1"
  resolved "https://registry.npmmirror.com/@types/resolve/-/resolve-1.17.1.tgz#3afd6ad8967c77e4376c598a82ddd58f46ec45d6"
  integrity sha512-yy7HuzQhj0dhGpD8RLXSZWEkLsV9ibvxvi6EiJ3bkqLAO1RGo0WbkWQiwpRlSFymTJRz0d3k5LM3kkx8ArDbLw==
  dependencies:
    "@types/node" "*"

"@types/scheduler@*":
  version "0.16.2"
  resolved "https://registry.npmmirror.com/@types/scheduler/-/scheduler-0.16.2.tgz#1a62f89525723dde24ba1b01b092bf5df8ad4d39"
  integrity sha512-hppQEBDmlwhFAXKJX2KnWLYu5yMfi91yazPb2l+lbJiwW+wdo1gNeRA+3RgNSO39WYX2euey41KEwnqesU2Jew==

balanced-match@^1.0.0:
  version "1.0.2"
  resolved "https://registry.npmmirror.com/balanced-match/-/balanced-match-1.0.2.tgz#e83e3a7e3f300b34cb9d87f615fa0cbf357690ee"
  integrity sha512-3oSeUO0TMV67hN1AmbXsK4yaqU7tjiHlbxRDZOpH0KW9+CeX4bRAaX0Anxt0tx2MrpRpWwQaPwIlISEJhYU5Pw==

brace-expansion@^2.0.1:
  version "2.0.1"
  resolved "https://registry.npmmirror.com/brace-expansion/-/brace-expansion-2.0.1.tgz#1edc459e0f0c548486ecf9fc99f2221364b9a0ae"
  integrity sha512-XnAIvQ8eM+kC6aULx6wuQiwVsnzsi9d3WxzV3FpWTGA19F621kwdbsAcFKXgKUHZWsy+mY6iL1sHTxWEFCytDA==
  dependencies:
    balanced-match "^1.0.0"

builtin-modules@^3.3.0:
  version "3.3.0"
  resolved "https://registry.npmmirror.com/builtin-modules/-/builtin-modules-3.3.0.tgz#cae62812b89801e9656336e46223e030386be7b6"
  integrity sha512-zhaCDicdLuWN5UbN5IMnFqNMhNfo919sH85y2/ea+5Yg9TsTkeZxpL+JLbp6cgYFS4sRLp3YV4S6yDuqVWHYOw==

commondir@^1.0.1:
  version "1.0.1"
  resolved "https://registry.npmmirror.com/commondir/-/commondir-1.0.1.tgz#ddd800da0c66127393cca5950ea968a3aaf1253b"
  integrity sha512-W9pAhw0ja1Edb5GVdIF1mjZw/ASI0AlShXM83UUGe2DVr5TdAPEA1OA8m/g8zWp9x6On7gqufY+FatDbC3MDQg==

css-box-model@^1.2.0:
  version "1.2.1"
  resolved "https://registry.npmmirror.com/css-box-model/-/css-box-model-1.2.1.tgz#59951d3b81fd6b2074a62d49444415b0d2b4d7c1"
  integrity sha512-a7Vr4Q/kd/aw96bnJG332W9V9LkJO69JRcaCYDUqjp6/z0w6VcZjgAcTbgFxEPfBgdnAwlh3iwu+hLopa+flJw==
  dependencies:
    tiny-invariant "^1.0.6"

csstype@3.1.0:
  version "3.1.0"
  resolved "https://registry.npmmirror.com/csstype/-/csstype-3.1.0.tgz#4ddcac3718d787cf9df0d1b7d15033925c8f29f2"
  integrity sha512-uX1KG+x9h5hIJsaKR9xHUeUraxf8IODOwq9JLNPq6BwB04a/xgpq3rcx47l5BZu5zBPlgD342tdke3Hom/nJRA==

csstype@^3.0.2:
  version "3.1.1"
  resolved "https://registry.npmmirror.com/csstype/-/csstype-3.1.1.tgz#841b532c45c758ee546a11d5bd7b7b473c8c30b9"
  integrity sha512-DJR/VvkAvSZW9bTouZue2sSxDwdTN92uHjqeKVm+0dAqdfNykRzQ95tay8aXMBAAPpUiq4Qcug2L7neoRh2Egw==

date-fns@^2.29.3:
  version "2.29.3"
  resolved "https://registry.npmmirror.com/date-fns/-/date-fns-2.29.3.tgz#27402d2fc67eb442b511b70bbdf98e6411cd68a8"
  integrity sha512-dDCnyH2WnnKusqvZZ6+jA1O51Ibt8ZMRNkDZdyAyK4YfbDwa/cEmuztzG5pk6hqlp9aSBPYcjOlktquahGwGeA==

debug@4.3.4:
  version "4.3.4"
  resolved "https://registry.npmmirror.com/debug/-/debug-4.3.4.tgz#1319f6579357f2338d3337d2cdd4914bb5dcc865"
  integrity sha512-PRWFHuSU3eDtQJPvnNY7Jcket1j0t5OuOsFzPPzsekD52Zl8qUfFIPEiswXqIvHWGVHOgX+7G/vCNNhehwxfkQ==
  dependencies:
    ms "2.1.2"

deepmerge@^4.2.2:
  version "4.3.0"
  resolved "https://registry.npmmirror.com/deepmerge/-/deepmerge-4.3.0.tgz#65491893ec47756d44719ae520e0e2609233b59b"
  integrity sha512-z2wJZXrmeHdvYJp/Ux55wIjqo81G5Bp4c+oELTW+7ar6SogWHajt5a9gO3s3IDaGSAXjDk0vlQKN3rms8ab3og==

dompurify@2.3.8:
  version "2.3.8"
  resolved "https://registry.npmmirror.com/dompurify/-/dompurify-2.3.8.tgz#224fe9ae57d7ebd9a1ae1ac18c1c1ca3f532226f"
  integrity sha512-eVhaWoVibIzqdGYjwsBWodIQIaXFSB+cKDf4cfxLMsK0xiud6SE+/WCVx/Xw/UwQsa4cS3T2eITcdtmTg2UKcw==

dot-case@^3.0.4:
  version "3.0.4"
  resolved "https://registry.npmmirror.com/dot-case/-/dot-case-3.0.4.tgz#9b2b670d00a431667a8a75ba29cd1b98809ce751"
  integrity sha512-Kv5nKlh6yRrdrGvxeJ2e5y2eRUpkUosIW4A2AS38zwSz27zu7ufDwQPi5Jhs3XAlGNetl3bmnGhQsMtkKJnj3w==
  dependencies:
    no-case "^3.0.4"
    tslib "^2.0.3"

estree-walker@^1.0.1:
  version "1.0.1"
  resolved "https://registry.npmmirror.com/estree-walker/-/estree-walker-1.0.1.tgz#31bc5d612c96b704106b477e6dd5d8aa138cb700"
  integrity sha512-1fMXF3YP4pZZVozF8j/ZLfvnR8NSIljt56UhbZ5PeeDmmGHpgpdwQt7ITlGvYaQukCvuBRMLEiKiYC+oeIg4cg==

estree-walker@^2.0.1, estree-walker@^2.0.2:
  version "2.0.2"
  resolved "https://registry.npmmirror.com/estree-walker/-/estree-walker-2.0.2.tgz#52f010178c2a4c117a7757cfe942adb7d2da4cac"
  integrity sha512-Rfkk/Mp/DL7JVje3u18FxFujQlTNR2q6QfMSMB7AvCBx91NGj/ba3kCfza0f6dVDbw7YlRf/nDrn7pQrCCyQ/w==

eventemitter3@4.0.7:
  version "4.0.7"
  resolved "https://registry.npmmirror.com/eventemitter3/-/eventemitter3-4.0.7.tgz#2de9b68f6528d5644ef5c59526a1b4a07306169f"
  integrity sha512-8guHBZCwKnFhYdHr2ysuRWErTwhoN2X8XELRlrRwpmfeY2jjuUN4taQMsULKUVo1K4DvZl+0pgfyoysHxvmvEw==

fast-deep-equal@3.1.3:
  version "3.1.3"
  resolved "https://registry.npmmirror.com/fast-deep-equal/-/fast-deep-equal-3.1.3.tgz#3a7d56b559d6cbc3eb512325244e619a65c6c525"
  integrity sha512-f3qQ9oQy9j2AhBe/H9VC91wLmKBCCU/gDOnKNAYG5hswO7BLKj09Hc5HYNz9cGI++xlpDCIgDaitVs03ATR84Q==

fs.realpath@^1.0.0:
  version "1.0.0"
  resolved "https://registry.npmmirror.com/fs.realpath/-/fs.realpath-1.0.0.tgz#1504ad2523158caa40db4a2787cb01411994ea4f"
  integrity sha512-OO0pH2lK6a0hZnAdau5ItzHPI6pUlvI7jMVnxUQRtw4owF2wk8lOSabtGDCTP4Ggrg2MbGnWO9X8K1t4+fGMDw==

fsevents@~2.3.2:
  version "2.3.2"
  resolved "https://registry.npmmirror.com/fsevents/-/fsevents-2.3.2.tgz#8a526f78b8fdf4623b709e0b975c52c24c02fd1a"
  integrity sha512-xiqMQR4xAeHTuB9uWm+fFRcIOgKBMiOBP+eXiyT7jsgVCq1bkVygt00oASowB7EdtpOHaaPgKt812P9ab+DDKA==

function-bind@^1.1.1:
  version "1.1.1"
  resolved "https://registry.npmmirror.com/function-bind/-/function-bind-1.1.1.tgz#a56899d3ea3c9bab874bb9773b7c5ede92f4895d"
  integrity sha512-yIovAzMX49sF8Yl58fSCWJ5svSLuaibPxXQJFLmBObTuCr0Mf1KiPopGM9NiFjiYBCbfaa2Fh6breQ6ANVTI0A==

glob@^8.0.3:
  version "8.1.0"
  resolved "https://registry.npmmirror.com/glob/-/glob-8.1.0.tgz#d388f656593ef708ee3e34640fdfb99a9fd1c33e"
  integrity sha512-r8hpEjiQEYlF2QU0df3dS+nxxSIreXQS1qRhMJM0Q5NDdR386C7jb7Hwwod8Fgiuex+k0GFjgft18yvxm5XoCQ==
  dependencies:
    fs.realpath "^1.0.0"
    inflight "^1.0.4"
    inherits "2"
    minimatch "^5.0.1"
    once "^1.3.0"

has@^1.0.3:
  version "1.0.3"
  resolved "https://registry.npmmirror.com/has/-/has-1.0.3.tgz#722d7cbfc1f6aa8241f16dd814e011e1f41e8796"
  integrity sha512-f2dvO0VU6Oej7RkWJGrehjbzMAjFp5/VKPp5tTpWIV4JHHZK1/BxbFRtf/siA2SWTe09caDmVtYYzWEIbBS4zw==
  dependencies:
    function-bind "^1.1.1"

hoist-non-react-statics@^3.3.0, hoist-non-react-statics@^3.3.2:
  version "3.3.2"
  resolved "https://registry.npmmirror.com/hoist-non-react-statics/-/hoist-non-react-statics-3.3.2.tgz#ece0acaf71d62c2969c2ec59feff42a4b1a85b45"
  integrity sha512-/gGivxi8JPKWNm/W0jSmzcMPpfpPLc3dY/6GxhX2hQ9iGj3aDfklV4ET7NjKpSinLpJ5vafa9iiGIEZg10SfBw==
  dependencies:
    react-is "^16.7.0"

immer@^9.0.19:
  version "9.0.19"
  resolved "https://registry.npmmirror.com/immer/-/immer-9.0.19.tgz#67fb97310555690b5f9cd8380d38fc0aabb6b38b"
  integrity sha512-eY+Y0qcsB4TZKwgQzLaE/lqYMlKhv5J9dyd2RhhtGhNo2njPXDqU9XPfcNfa3MIDsdtZt5KlkIsirlo4dHsWdQ==

inflight@^1.0.4:
  version "1.0.6"
  resolved "https://registry.npmmirror.com/inflight/-/inflight-1.0.6.tgz#49bd6331d7d02d0c09bc910a1075ba8165b56df9"
  integrity sha512-k92I/b08q4wvFscXCLvqfsHCrjrF7yiXsQuIVvVE7N82W3+aqpzuUdBbfhWcy/FZR3/4IgflMgKLOsvPDrGCJA==
  dependencies:
    once "^1.3.0"
    wrappy "1"

inherits@2:
  version "2.0.4"
  resolved "https://registry.npmmirror.com/inherits/-/inherits-2.0.4.tgz#0fa2c64f932917c3433a0ded55363aae37416b7c"
  integrity sha512-k/vGaX4/Yla3WzyMCvTQOXYeIHvqOKtnqBduzTHpzpQZzAskKMhZ2K+EnBiSM9zGSoIFeMpXKxa4dYeZIQqewQ==

inherits@2.0.3:
  version "2.0.3"
  resolved "https://registry.npmmirror.com/inherits/-/inherits-2.0.3.tgz#633c2c83e3da42a502f52466022480f4208261de"
  integrity sha512-x00IRNXNy63jwGkJmzPigoySHbaqpNuzKbBOmzK+g2OdZpQ9w+sxCN+VSB3ja7IAge2OP2qpfxTjeNcyjmW1uw==

is-builtin-module@^3.1.0:
  version "3.2.1"
  resolved "https://registry.npmmirror.com/is-builtin-module/-/is-builtin-module-3.2.1.tgz#f03271717d8654cfcaf07ab0463faa3571581169"
  integrity sha512-BSLE3HnV2syZ0FK0iMA/yUGplUeMmNz4AW5fnTunbCIqZi4vG3WjJT9FHMy5D69xmAYBHXQhJdALdpwVxV501A==
  dependencies:
    builtin-modules "^3.3.0"

is-core-module@^2.9.0:
  version "2.11.0"
  resolved "https://registry.npmmirror.com/is-core-module/-/is-core-module-2.11.0.tgz#ad4cb3e3863e814523c96f3f58d26cc570ff0144"
  integrity sha512-RRjxlvLDkD1YJwDbroBHMb+cukurkDWNyHx7D3oNB5x9rb5ogcksMC5wHCadcXoo67gVr/+3GFySh3134zi6rw==
  dependencies:
    has "^1.0.3"

is-module@^1.0.0:
  version "1.0.0"
  resolved "https://registry.npmmirror.com/is-module/-/is-module-1.0.0.tgz#3258fb69f78c14d5b815d664336b4cffb6441591"
  integrity sha512-51ypPSPCoTEIN9dy5Oy+h4pShgJmPCygKfyRCISBI+JoWT/2oJvK8QPxmwv7b/p239jXrm9M1mlQbyKJ5A152g==

is-reference@1.2.1:
  version "1.2.1"
  resolved "https://registry.npmmirror.com/is-reference/-/is-reference-1.2.1.tgz#8b2dac0b371f4bc994fdeaba9eb542d03002d0b7"
  integrity sha512-U82MsXXiFIrjCK4otLT+o2NA2Cd2g5MLoOVXUZjIOhLurrRxpEXzI8O0KZHr3IjLvlAH1kTPYSuqer5T9ZVBKQ==
  dependencies:
    "@types/estree" "*"

joycon@^3.1.1:
  version "3.1.1"
  resolved "https://registry.npmmirror.com/joycon/-/joycon-3.1.1.tgz#bce8596d6ae808f8b68168f5fc69280996894f03"
  integrity sha512-34wB/Y7MW7bzjKRjUKTa46I2Z7eV62Rkhva+KkopW7Qvv/OSWBqvkSY7vusOPrNuZcUG3tApvdVgNB8POj3SPw==

"js-tokens@^3.0.0 || ^4.0.0":
  version "4.0.0"
  resolved "https://registry.npmmirror.com/js-tokens/-/js-tokens-4.0.0.tgz#19203fb59991df98e3a287050d4647cdeaf32499"
  integrity sha512-RdJUflcE3cUzKiMqQgsCu06FPu9UdIJO0beYbPhHN4k6apgJtifcoCtT9bcxOpYBtpD2kCM6Sbzg4CausW/PKQ==

jsonc-parser@^3.0.0:
  version "3.2.0"
  resolved "https://registry.npmmirror.com/jsonc-parser/-/jsonc-parser-3.2.0.tgz#31ff3f4c2b9793f89c67212627c51c6394f88e76"
  integrity sha512-gfFQZrcTc8CnKXp6Y4/CBT3fTc0OVuDofpre4aEeEpSBPV5X5v4+Vmx+8snU7RLPrNHPKSgLxGo9YuQzz20o+w==

jsutils@^1.12.0:
  version "1.12.0"
  resolved "https://registry.npmmirror.com/jsutils/-/jsutils-1.12.0.tgz#6feec193a500919937c82ebe75752e042b407be0"
  integrity sha512-pLxwlgmGBKqqCU/lhas2xdv/x4BrCJhQskl2tM3ICHQAQioBRnSGck0EJOYpWeQrAH5dXZVEqcuZpSW6jQzrrA==

lodash-es@4.17.21:
  version "4.17.21"
  resolved "https://registry.npmmirror.com/lodash-es/-/lodash-es-4.17.21.tgz#43e626c46e6591b7750beb2b50117390c609e3ee"
  integrity sha512-mKnC+QJ9pWVzv+C4/U3rRsHapFfHvQFoFB92e52xeyGMcX6/OlIl78je1u8vePzYZSkkogMPJ2yjxxsb89cxyw==

logseq-l10n@^0.2.0:
  version "0.2.0"
  resolved "https://registry.npmmirror.com/logseq-l10n/-/logseq-l10n-0.2.0.tgz#642ba00f8738dc20dfa983fe223465b5318a6204"
  integrity sha512-exBSvxVijlAW6Zy6eYRWGroJL3qxAouCZqSQzAeIRuoIU8nA0vN2S2+5slvWTFM159hlqhtdJXqudwgCs4y2Vg==

loose-envify@^1.4.0:
  version "1.4.0"
  resolved "https://registry.npmmirror.com/loose-envify/-/loose-envify-1.4.0.tgz#71ee51fa7be4caec1a63839f7e682d8132d30caf"
  integrity sha512-lyuxPGr/Wfhrlem2CL/UcnUc1zcqKAImBDzukY7Y5F/yQiNdko6+fRLevlw1HgMySw7f611UIY408EtxRSoK3Q==
  dependencies:
    js-tokens "^3.0.0 || ^4.0.0"

lower-case@^2.0.2:
  version "2.0.2"
  resolved "https://registry.npmmirror.com/lower-case/-/lower-case-2.0.2.tgz#6fa237c63dbdc4a82ca0fd882e4722dc5e634e28"
  integrity sha512-7fm3l3NAF9WfN6W3JOmf5drwpVqX78JtoGJ3A6W0a6ZnldM41w2fV5D490psKFTpMds8TJse/eHLFFsNHHjHgg==
  dependencies:
    tslib "^2.0.3"

lunr@^2.3.9:
  version "2.3.9"
  resolved "https://registry.npmmirror.com/lunr/-/lunr-2.3.9.tgz#18b123142832337dd6e964df1a5a7707b25d35e1"
  integrity sha512-zTU3DaZaF3Rt9rhN3uBMGQD3dD2/vFQqnvZCDv4dl5iOzq2IZQqTxu90r4E5J+nP70J3ilqVCrbho2eWaeW8Ow==

magic-string@^0.27.0:
  version "0.27.0"
  resolved "https://registry.npmmirror.com/magic-string/-/magic-string-0.27.0.tgz#e4a3413b4bab6d98d2becffd48b4a257effdbbf3"
  integrity sha512-8UnnX2PeRAPZuN12svgR9j7M1uWMovg/CEnIwIG0LFkXSJJe4PdfUGiTGl8V9bsBHFUtfVINcSyYxd7q+kx9fA==
  dependencies:
    "@jridgewell/sourcemap-codec" "^1.4.13"

marked@^4.0.16, marked@^4.2.12:
  version "4.2.12"
  resolved "https://registry.npmmirror.com/marked/-/marked-4.2.12.tgz#d69a64e21d71b06250da995dcd065c11083bebb5"
  integrity sha512-yr8hSKa3Fv4D3jdZmtMMPghgVt6TWbk86WQaWhDloQjRSQhMMYCAro7jP7VDJrjjdV8pxVxMssXS8B8Y5DZ5aw==

memoize-one@^5.1.1:
  version "5.2.1"
  resolved "https://registry.npmmirror.com/memoize-one/-/memoize-one-5.2.1.tgz#8337aa3c4335581839ec01c3d594090cebe8f00e"
  integrity sha512-zYiwtZUcYyXKo/np96AGZAckk+FWWsUdJ3cHGGmld7+AhvcWmQyGCYUh1hc4Q/pkOhb65dQR/pqCyK0cOaHz4Q==

minimatch@^5.0.1, minimatch@^5.1.0:
  version "5.1.6"
  resolved "https://registry.npmmirror.com/minimatch/-/minimatch-5.1.6.tgz#1cfcb8cf5522ea69952cd2af95ae09477f122a96"
  integrity sha512-lKwV/1brpG6mBUFHtb7NUmtABCb2WZZmm2wNiOA5hAb8VdCS4B3dtMWyvcoViccwAW/COERjXLt0zP1zXUN26g==
  dependencies:
    brace-expansion "^2.0.1"

ms@2.1.2:
  version "2.1.2"
  resolved "https://registry.npmmirror.com/ms/-/ms-2.1.2.tgz#d09d1f357b443f493382a8eb3ccd183872ae6009"
  integrity sha512-sGkPx+VjMtmA6MX27oA4FBFELFCZZ4S4XqeGOXCv68tT+jb3vk/RyaKWP0PTKyWtmLSM0b+adUTEvbs1PEaH2w==

no-case@^3.0.4:
  version "3.0.4"
  resolved "https://registry.npmmirror.com/no-case/-/no-case-3.0.4.tgz#d361fd5c9800f558551a8369fc0dcd4662b6124d"
  integrity sha512-fgAN3jGAh+RoxUGZHTSOLJIqUc2wmoBwGR4tbpNAKmmovFoWq0OdRkb0VkldReO2a2iBT/OEulG9XSUc10r3zg==
  dependencies:
    lower-case "^2.0.2"
    tslib "^2.0.3"

object-assign@^4.1.1:
  version "4.1.1"
  resolved "https://registry.npmmirror.com/object-assign/-/object-assign-4.1.1.tgz#2109adc7965887cfc05cbbd442cac8bfbb360863"
  integrity sha512-rJgTQnkUnH1sFw8yT6VSU3zD3sWmu6sZhIseY8VX+GRu3P6F7Fu+JNDoXfklElbLJSnc3FUQHVe4cU5hj+BcUg==

once@^1.3.0:
  version "1.4.0"
  resolved "https://registry.npmmirror.com/once/-/once-1.4.0.tgz#583b1aa775961d4b113ac17d9c50baef9dd76bd1"
  integrity sha512-lNaJgI+2Q5URQBkccEKHTQOPaXdUxnZZElQTZY0MFUAuaEqe1E+Nyvgdz/aIyNi6Z9MzO5dv1H8n58/GELp3+w==
  dependencies:
    wrappy "1"

path-parse@^1.0.7:
  version "1.0.7"
  resolved "https://registry.npmmirror.com/path-parse/-/path-parse-1.0.7.tgz#fbc114b60ca42b30d9daf5858e4bd68bbedb6735"
  integrity sha512-LDJzPVEEEPR+y48z93A0Ed0yXb8pAByGWo/k5YYdYgpY2/2EsOsksJrq7lOHxryrVOn1ejG6oAp8ahvOIQD8sw==

path@0.12.7:
  version "0.12.7"
  resolved "https://registry.npmmirror.com/path/-/path-0.12.7.tgz#d4dc2a506c4ce2197eb481ebfcd5b36c0140b10f"
  integrity sha512-aXXC6s+1w7otVF9UletFkFcDsJeO7lSZBPUQhtb5O0xJe8LtYhj/GxldoL09bBj9+ZmE2hNoHqQSFMN5fikh4Q==
  dependencies:
    process "^0.11.1"
    util "^0.10.3"

picomatch@^2.2.2, picomatch@^2.3.1:
  version "2.3.1"
  resolved "https://registry.npmmirror.com/picomatch/-/picomatch-2.3.1.tgz#3ba3833733646d9d3e4995946c1365a67fb07a42"
  integrity sha512-JU3teHTNjmE2VCGFzuY8EXzCDVwEqB2a8fsIvwaStHhAWJEeVd1o1QD80CU6+ZdEXXSLbSsuLwJjkCBWqRQUVA==

preact@^10.13.0:
  version "10.13.0"
  resolved "https://registry.npmmirror.com/preact/-/preact-10.13.0.tgz#f8bd3cf257a4dbe41da71a52131b79916d4ca89d"
  integrity sha512-ERdIdUpR6doqdaSIh80hvzebHB7O6JxycOhyzAeLEchqOq/4yueslQbfnPwXaNhAYacFTyCclhwkEbOumT0tHw==

process@^0.11.1:
  version "0.11.10"
  resolved "https://registry.npmmirror.com/process/-/process-0.11.10.tgz#7332300e840161bda3e69a1d1d91a7d4bc16f182"
  integrity sha512-cdGef/drWFoydD1JsMzuFf8100nZl+GT+yacc2bEced5f9Rjk4z+WtFUTBu9PhOi9j/jfmBPu0mMEY4wIdAF8A==

prop-types@^15.7.2:
  version "15.8.1"
  resolved "https://registry.npmmirror.com/prop-types/-/prop-types-15.8.1.tgz#67d87bf1a694f48435cf332c24af10214a3140b5"
  integrity sha512-oj87CgZICdulUohogVAR7AjlC0327U4el4L6eAvOqCeudMDVU0NThNaV+b9Df4dXgSP1gXMTnPdhfe/2qDH5cg==
  dependencies:
    loose-envify "^1.4.0"
    object-assign "^4.1.1"
    react-is "^16.13.1"

raf-schd@^4.0.2:
  version "4.0.3"
  resolved "https://registry.npmmirror.com/raf-schd/-/raf-schd-4.0.3.tgz#5d6c34ef46f8b2a0e880a8fcdb743efc5bfdbc1a"
  integrity sha512-tQkJl2GRWh83ui2DiPTJz9wEiMN20syf+5oKfB03yYP7ioZcJwsIK8FjrtLwH1m7C7e+Tt2yYBlrOpdT+dyeIQ==

rambdax@^9.0.0:
  version "9.0.0"
  resolved "https://registry.npmmirror.com/rambdax/-/rambdax-9.0.0.tgz#503c75fbb83f8141ef04af00508fac0433615fc0"
  integrity sha512-8vcixAlXoFNdCoa35nDzLqntyimVMiQpWUhQgMkOb/pdxZULN+8d9l2kosEQ6Aq0awpI2m+u973cSlg2UrAbyw==

react-beautiful-dnd@^13.1.1:
  version "13.1.1"
  resolved "https://registry.npmmirror.com/react-beautiful-dnd/-/react-beautiful-dnd-13.1.1.tgz#b0f3087a5840920abf8bb2325f1ffa46d8c4d0a2"
  integrity sha512-0Lvs4tq2VcrEjEgDXHjT98r+63drkKEgqyxdA7qD3mvKwga6a5SscbdLPO2IExotU1jW8L0Ksdl0Cj2AF67nPQ==
  dependencies:
    "@babel/runtime" "^7.9.2"
    css-box-model "^1.2.0"
    memoize-one "^5.1.1"
    raf-schd "^4.0.2"
    react-redux "^7.2.0"
    redux "^4.0.4"
    use-memo-one "^1.1.1"

react-hook-form@^7.43.4:
  version "7.43.4"
  resolved "https://registry.npmmirror.com/react-hook-form/-/react-hook-form-7.43.4.tgz#32c12cce916e2ba50178148a5ef5acffeaae2a3e"
  integrity sha512-JZp05wvmuV8qr3NNDWwyhiQL05sh9E8x/2NoWtkdiyyiezmwOr5pKexlvbCEfBMa7ZYrvzk88G/uhLl47T9b7Q==

react-is@^16.13.1, react-is@^16.7.0:
  version "16.13.1"
  resolved "https://registry.npmmirror.com/react-is/-/react-is-16.13.1.tgz#789729a4dc36de2999dc156dd6c1d9c18cea56a4"
  integrity sha512-24e6ynE2H+OKt4kqsOvNd8kBpV65zoxbA4BVsEOB3ARVWQki/DHzaUoC5KuON/BiccDaCCTZBuOcfZs70kR8bQ==

react-is@^17.0.2:
  version "17.0.2"
  resolved "https://registry.npmmirror.com/react-is/-/react-is-17.0.2.tgz#e691d4a8e9c789365655539ab372762b0efb54f0"
  integrity sha512-w2GsyukL62IJnlaff/nRegPQR94C/XXamvMWmSHRJ4y7Ts/4ocGRmTHvOs8PSE6pB3dWOrD/nueuU5sduBsQ4w==

react-redux@^7.2.0:
  version "7.2.9"
  resolved "https://registry.npmmirror.com/react-redux/-/react-redux-7.2.9.tgz#09488fbb9416a4efe3735b7235055442b042481d"
  integrity sha512-Gx4L3uM182jEEayZfRbI/G11ZpYdNAnBs70lFVMNdHJI76XYtR+7m0MN+eAs7UHBPhWXcnFPaS+9owSCJQHNpQ==
  dependencies:
    "@babel/runtime" "^7.15.4"
    "@types/react-redux" "^7.1.20"
    hoist-non-react-statics "^3.3.2"
    loose-envify "^1.4.0"
    prop-types "^15.7.2"
    react-is "^17.0.2"

reactutils@^5.13.0:
  version "5.13.0"
  resolved "https://registry.npmmirror.com/reactutils/-/reactutils-5.13.0.tgz#919701256a22e55ce1c0c3a365ba3e7c8768ecdd"
  integrity sha512-vuu2Q1uf9IDxWKa1g4nqLYEWVcL4tFP3DspigEZQtrAdHMWqjgZo1rKQ24Nr+Wn7KaxkdAY6Nu9HiWfkZSCeEg==

redux@^4.0.0, redux@^4.0.4:
  version "4.2.1"
  resolved "https://registry.npmmirror.com/redux/-/redux-4.2.1.tgz#c08f4306826c49b5e9dc901dee0452ea8fce6197"
  integrity sha512-LAUYz4lc+Do8/g7aeRa8JkyDErK6ekstQaqWQrNRW//MY1TvCEpMtpTWvlQ+FPbWCx+Xixu/6SHt5N0HR+SB4w==
  dependencies:
    "@babel/runtime" "^7.9.2"

regenerator-runtime@^0.13.11:
  version "0.13.11"
  resolved "https://registry.npmmirror.com/regenerator-runtime/-/regenerator-runtime-0.13.11.tgz#f6dca3e7ceec20590d07ada785636a90cdca17f9"
  integrity sha512-kY1AZVr2Ra+t+piVaJ4gxaFaReZVH40AKNo7UCX6W+dEwBo/2oZJzqfuN1qLq1oL45o56cPaTXELwrTh8Fpggg==

resolve@^1.19.0:
  version "1.22.1"
  resolved "https://registry.npmmirror.com/resolve/-/resolve-1.22.1.tgz#27cb2ebb53f91abb49470a928bba7558066ac177"
  integrity sha512-nBpuuYuY5jFsli/JIs1oldw6fOQCBioohqWZg/2hiaOybXOft4lonv85uDOKXdf8rhyK159cxU5cDcK/NKk8zw==
  dependencies:
    is-core-module "^2.9.0"
    path-parse "^1.0.7"
    supports-preserve-symlinks-flag "^1.0.0"

rollup-plugin-swc3@^0.3.0:
  version "0.3.0"
  resolved "https://registry.npmmirror.com/rollup-plugin-swc3/-/rollup-plugin-swc3-0.3.0.tgz#c0dc88aea4958a45d5fc8a8f2e2878b1031dabad"
  integrity sha512-ZQK2XxYxSspmT8j6/Y4CaxRxAlZHbNnxI+m+yJ5I87ZLp5uH7CYL4hFlJk1jkcZ+Q2QC19jIg7AClB/7+XFljw==
  dependencies:
    "@rollup/pluginutils" "^4.2.1"
    deepmerge "^4.2.2"
    joycon "^3.1.1"
    jsonc-parser "^3.0.0"
    typedoc "^0.22.15"

rollup@^2.74.1:
  version "2.79.1"
  resolved "https://registry.npmmirror.com/rollup/-/rollup-2.79.1.tgz#bedee8faef7c9f93a2647ac0108748f497f081c7"
  integrity sha512-uKxbd0IhMZOhjAiD5oAFp7BqvkA4Dv47qpOCtaNvng4HBwdbWtdOh8f5nZNuk2rp51PMGk3bzfWu5oayNEuYnw==
  optionalDependencies:
    fsevents "~2.3.2"

shiki@^0.10.1:
  version "0.10.1"
  resolved "https://registry.npmmirror.com/shiki/-/shiki-0.10.1.tgz#6f9a16205a823b56c072d0f1a0bcd0f2646bef14"
  integrity sha512-VsY7QJVzU51j5o1+DguUd+6vmCmZ5v/6gYu4vyYAhzjuNQU6P/vmSy4uQaOhvje031qQMiW0d2BwgMH52vqMng==
  dependencies:
    jsonc-parser "^3.0.0"
    vscode-oniguruma "^1.6.1"
    vscode-textmate "5.2.0"

slash@^3.0.0:
  version "3.0.0"
  resolved "https://registry.npmmirror.com/slash/-/slash-3.0.0.tgz#6539be870c165adbd5240220dbe361f1bc4d4634"
  integrity sha512-g9Q1haeby36OSStwb4ntCGGGaKsaVSjQ68fBxoQcutl5fS1vuY18H3wSt3jFyFtrkx+Kz0V1G85A4MyAdDMi2Q==

snake-case@3.0.4:
  version "3.0.4"
  resolved "https://registry.npmmirror.com/snake-case/-/snake-case-3.0.4.tgz#4f2bbd568e9935abdfd593f34c691dadb49c452c"
  integrity sha512-LAOh4z89bGQvl9pFfNF8V146i7o7/CqFPbqzYgP+yYzDIDeS9HaNFtXABamRW+AQzEVODcvE79ljJ+8a9YSdMg==
  dependencies:
    dot-case "^3.0.4"
    tslib "^2.0.3"

supports-preserve-symlinks-flag@^1.0.0:
  version "1.0.0"
  resolved "https://registry.npmmirror.com/supports-preserve-symlinks-flag/-/supports-preserve-symlinks-flag-1.0.0.tgz#6eda4bd344a3c94aea376d4cc31bc77311039e09"
  integrity sha512-ot0WnXS9fgdkgIcePe6RHNk1WA8+muPa6cSjeR3V8K27q9BB1rTE3R1p7Hv0z1ZyAc8s6Vvv8DIyWf681MAt0w==

tiny-invariant@^1.0.6:
  version "1.3.1"
  resolved "https://registry.npmmirror.com/tiny-invariant/-/tiny-invariant-1.3.1.tgz#8560808c916ef02ecfd55e66090df23a4b7aa642"
  integrity sha512-AD5ih2NlSssTCwsMznbvwMZpJ1cbhkGd2uueNxzv2jDlEeZdU04JQfRnggJQ8DrcVBGjAsCKwFBbDlVNtEMlzw==

tslib@^2.0.3:
  version "2.5.0"
  resolved "https://registry.npmmirror.com/tslib/-/tslib-2.5.0.tgz#42bfed86f5787aeb41d031866c8f402429e0fddf"
  integrity sha512-336iVw3rtn2BUK7ORdIAHTyxHGRIHVReokCR3XjbckJMK7ms8FysBfhLR8IXnAgy7T0PTPNBWKiH514FOW/WSg==

typedoc@^0.22.15:
  version "0.22.18"
  resolved "https://registry.npmmirror.com/typedoc/-/typedoc-0.22.18.tgz#1d000c33b66b88fd8cdfea14a26113a83b7e6591"
  integrity sha512-NK9RlLhRUGMvc6Rw5USEYgT4DVAUFk7IF7Q6MYfpJ88KnTZP7EneEa4RcP+tX1auAcz7QT1Iy0bUSZBYYHdoyA==
  dependencies:
    glob "^8.0.3"
    lunr "^2.3.9"
    marked "^4.0.16"
    minimatch "^5.1.0"
    shiki "^0.10.1"

use-memo-one@^1.1.1:
  version "1.1.3"
  resolved "https://registry.npmmirror.com/use-memo-one/-/use-memo-one-1.1.3.tgz#2fd2e43a2169eabc7496960ace8c79efef975e99"
  integrity sha512-g66/K7ZQGYrI6dy8GLpVcMsBp4s17xNkYJVSMvTEevGy3nDxHOfE6z8BVE22+5G5x7t3+bhzrlTDB7ObrEE0cQ==

util@^0.10.3:
  version "0.10.4"
  resolved "https://registry.npmmirror.com/util/-/util-0.10.4.tgz#3aa0125bfe668a4672de58857d3ace27ecb76901"
  integrity sha512-0Pm9hTQ3se5ll1XihRic3FDIku70C+iHUdT/W926rSgHV5QgXsYbKZN8MSC3tJtSkhuROzvsQjAaFENRXr+19A==
  dependencies:
    inherits "2.0.3"

vscode-oniguruma@^1.6.1:
  version "1.7.0"
  resolved "https://registry.npmmirror.com/vscode-oniguruma/-/vscode-oniguruma-1.7.0.tgz#439bfad8fe71abd7798338d1cd3dc53a8beea94b"
  integrity sha512-L9WMGRfrjOhgHSdOYgCt/yRMsXzLDJSL7BPrOZt73gU0iWO4mpqzqQzOz5srxqTvMBaR0XZTSrVWo4j55Rc6cA==

vscode-textmate@5.2.0:
  version "5.2.0"
  resolved "https://registry.npmmirror.com/vscode-textmate/-/vscode-textmate-5.2.0.tgz#01f01760a391e8222fe4f33fbccbd1ad71aed74e"
  integrity sha512-Uw5ooOQxRASHgu6C7GVvUxisKXfSgW4oFlO+aa+PAkgmH89O3CXxEEzNRNtHSqtXFTl0nAC1uYj0GMSH27uwtQ==

wrappy@1:
  version "1.0.2"
  resolved "https://registry.npmmirror.com/wrappy/-/wrappy-1.0.2.tgz#b5243d8f3ec1aa35f1364605bc0d1036e30ab69f"
  integrity sha512-l4Sp/DRseor9wL6EvV2+TuQn63dMkPjZ/sp9XkghTEbV9KlPS1xUsZ3u7/IQO4wxtcFB4bgpQPRcR3QCvezPcQ==
